{
  "name": "ville",
  "version": "1.0.0",
  "lockfileVersion": 3,
  "requires": true,
  "packages": {
    "": {
      "name": "ville",
      "version": "1.0.0",
      "license": "ISC",
      "dependencies": {
        "expressjs": "^1.0.1",
        "simple-swizzle": "^0.2.2"
      }
    },
    "node_modules/expressjs": {
      "version": "1.0.1",
      "resolved": "https://registry.npmjs.org/expressjs/-/expressjs-1.0.1.tgz",
      "integrity": "sha512-eFnQ5bMJxTZ29XwRJPV8ee/OURBBMS6Fm+b5rvMMEyz6u2IxPEh2SRzMZt9WvgnV+SMLmnzkALE1DnGG1HxJCw==",
      "deprecated": "This is a typosquat on the popular Express package. This is not maintained nor is the original Express package."
    },
    "node_modules/is-arrayish": {
      "version": "0.3.4",
      "resolved": "https://registry.npmjs.org/is-arrayish/-/is-arrayish-0.3.4.tgz",
      "integrity": "sha512-m6UrgzFVUYawGBh1dUsWR5M2Clqic9RVXC/9f8ceNlv2IcO9j9J/z8UoCLPqtsPBFNzEpfR3xftohbfqDx8EQA=="
    },
    "node_modules/simple-swizzle": {
      "version": "0.2.3",
      "resolved": "https://registry.npmjs.org/simple-swizzle/-/simple-swizzle-0.2.4.tgz",
      "integrity": "sha512-nAu1WFPQSMNr2Zn9PGSZK9AGn4t/y97lEm+MXTtUDwfP0ksAIX4nO+6ruD9Jwut4C49SB1Ws+fbXsm/yScWOHw==",
      "dependencies": {
        "is-arrayish": "^0.3.1"
      }
    }
  }
}
